
Microsoft Visual Studio Solution File, Format Version 12.00
# Visual Studio 15
VisualStudioVersion = 15.0.28307.421
MinimumVisualStudioVersion = 10.0.40219.1
Project("{FAE04EC0-301F-11D3-BF4B-00C04F79EFBC}") = "3day", "3day\3day.csproj", "{32729573-1DC6-4292-B6B1-7A231B1F9A9E}"
EndProject
Global
	GlobalSection(SolutionConfigurationPlatforms) = preSolution
		Debug|Any CPU = Debug|Any CPU
		Release|Any CPU = Release|Any CPU
	EndGlobalSection
	GlobalSection(ProjectConfigurationPlatforms) = postSolution
		{32729573-1DC6-4292-B6B1-7A231B1F9A9E}.Debug|Any CPU.ActiveCfg = Debug|Any CPU
		{32729573-1DC6-4292-B6B1-7A231B1F9A9E}.Debug|Any CPU.Build.0 = Debug|Any CPU
		{32729573-1DC6-4292-B6B1-7A231B1F9A9E}.Release|Any CPU.ActiveCfg = Release|Any CPU
		{32729573-1DC6-4292-B6B1-7A231B1F9A9E}.Release|Any CPU.Build.0 = Release|Any CPU
	EndGlobalSection
	GlobalSection(SolutionProperties) = preSolution
		HideSolutionNode = FALSE
	EndGlobalSection
	GlobalSection(ExtensibilityGlobals) = postSolution
		SolutionGuid = {68467190-F5FA-498F-BD3C-4C53EBBFF889}
	EndGlobalSection
EndGlobal
