
Microsoft Visual Studio Solution File, Format Version 12.00
# Visual Studio 15
VisualStudioVersion = 15.0.28307.421
MinimumVisualStudioVersion = 10.0.40219.1
Project("{FAE04EC0-301F-11D3-BF4B-00C04F79EFBC}") = "Practical 5day", "Practical 5day\Practical 5day.csproj", "{007617C4-6554-496A-A16F-B7DD73CEE950}"
EndProject
Global
	GlobalSection(SolutionConfigurationPlatforms) = preSolution
		Debug|Any CPU = Debug|Any CPU
		Release|Any CPU = Release|Any CPU
	EndGlobalSection
	GlobalSection(ProjectConfigurationPlatforms) = postSolution
		{007617C4-6554-496A-A16F-B7DD73CEE950}.Debug|Any CPU.ActiveCfg = Debug|Any CPU
		{007617C4-6554-496A-A16F-B7DD73CEE950}.Debug|Any CPU.Build.0 = Debug|Any CPU
		{007617C4-6554-496A-A16F-B7DD73CEE950}.Release|Any CPU.ActiveCfg = Release|Any CPU
		{007617C4-6554-496A-A16F-B7DD73CEE950}.Release|Any CPU.Build.0 = Release|Any CPU
	EndGlobalSection
	GlobalSection(SolutionProperties) = preSolution
		HideSolutionNode = FALSE
	EndGlobalSection
	GlobalSection(ExtensibilityGlobals) = postSolution
		SolutionGuid = {5AD37D1E-6122-4924-938C-FFB823491FC7}
	EndGlobalSection
EndGlobal
