
Microsoft Visual Studio Solution File, Format Version 12.00
# Visual Studio 15
VisualStudioVersion = 15.0.28307.421
MinimumVisualStudioVersion = 10.0.40219.1
Project("{FAE04EC0-301F-11D3-BF4B-00C04F79EFBC}") = "Practical 6day", "Practical 6day\Practical 6day.csproj", "{B1B433A8-6206-48A6-A8E8-B121724E72E7}"
EndProject
Global
	GlobalSection(SolutionConfigurationPlatforms) = preSolution
		Debug|Any CPU = Debug|Any CPU
		Release|Any CPU = Release|Any CPU
	EndGlobalSection
	GlobalSection(ProjectConfigurationPlatforms) = postSolution
		{B1B433A8-6206-48A6-A8E8-B121724E72E7}.Debug|Any CPU.ActiveCfg = Debug|Any CPU
		{B1B433A8-6206-48A6-A8E8-B121724E72E7}.Debug|Any CPU.Build.0 = Debug|Any CPU
		{B1B433A8-6206-48A6-A8E8-B121724E72E7}.Release|Any CPU.ActiveCfg = Release|Any CPU
		{B1B433A8-6206-48A6-A8E8-B121724E72E7}.Release|Any CPU.Build.0 = Release|Any CPU
	EndGlobalSection
	GlobalSection(SolutionProperties) = preSolution
		HideSolutionNode = FALSE
	EndGlobalSection
	GlobalSection(ExtensibilityGlobals) = postSolution
		SolutionGuid = {F2B839D5-C089-455D-AF41-E0A6A53F89C5}
	EndGlobalSection
EndGlobal
