
Microsoft Visual Studio Solution File, Format Version 12.00
# Visual Studio 15
VisualStudioVersion = 15.0.28307.421
MinimumVisualStudioVersion = 10.0.40219.1
Project("{FAE04EC0-301F-11D3-BF4B-00C04F79EFBC}") = "Challenge", "Challenge\Challenge.csproj", "{A6F0502B-5A3E-4144-82F5-C81866950F1D}"
EndProject
Global
	GlobalSection(SolutionConfigurationPlatforms) = preSolution
		Debug|Any CPU = Debug|Any CPU
		Release|Any CPU = Release|Any CPU
	EndGlobalSection
	GlobalSection(ProjectConfigurationPlatforms) = postSolution
		{A6F0502B-5A3E-4144-82F5-C81866950F1D}.Debug|Any CPU.ActiveCfg = Debug|Any CPU
		{A6F0502B-5A3E-4144-82F5-C81866950F1D}.Debug|Any CPU.Build.0 = Debug|Any CPU
		{A6F0502B-5A3E-4144-82F5-C81866950F1D}.Release|Any CPU.ActiveCfg = Release|Any CPU
		{A6F0502B-5A3E-4144-82F5-C81866950F1D}.Release|Any CPU.Build.0 = Release|Any CPU
	EndGlobalSection
	GlobalSection(SolutionProperties) = preSolution
		HideSolutionNode = FALSE
	EndGlobalSection
	GlobalSection(ExtensibilityGlobals) = postSolution
		SolutionGuid = {7950664D-A14F-4147-9217-D82F35AE939F}
	EndGlobalSection
EndGlobal
