
Microsoft Visual Studio Solution File, Format Version 12.00
# Visual Studio 15
VisualStudioVersion = 15.0.28307.421
MinimumVisualStudioVersion = 10.0.40219.1
Project("{FAE04EC0-301F-11D3-BF4B-00C04F79EFBC}") = "Practical 2day", "Practical 2day\Practical 2day.csproj", "{D9224C34-6B6F-479D-935E-EB00C604150D}"
EndProject
Global
	GlobalSection(SolutionConfigurationPlatforms) = preSolution
		Debug|Any CPU = Debug|Any CPU
		Release|Any CPU = Release|Any CPU
	EndGlobalSection
	GlobalSection(ProjectConfigurationPlatforms) = postSolution
		{D9224C34-6B6F-479D-935E-EB00C604150D}.Debug|Any CPU.ActiveCfg = Debug|Any CPU
		{D9224C34-6B6F-479D-935E-EB00C604150D}.Debug|Any CPU.Build.0 = Debug|Any CPU
		{D9224C34-6B6F-479D-935E-EB00C604150D}.Release|Any CPU.ActiveCfg = Release|Any CPU
		{D9224C34-6B6F-479D-935E-EB00C604150D}.Release|Any CPU.Build.0 = Release|Any CPU
	EndGlobalSection
	GlobalSection(SolutionProperties) = preSolution
		HideSolutionNode = FALSE
	EndGlobalSection
	GlobalSection(ExtensibilityGlobals) = postSolution
		SolutionGuid = {757014D2-3B65-4B66-8E8B-1F7B2EAF827D}
	EndGlobalSection
EndGlobal
